{
  "name": "node-js-getting-started",
  "version": "0.1.2",
  "lockfileVersion": 3,
  "requires": true,
  "packages": {
    "": {
      "name": "node-js-getting-started",
      "version": "0.1.2",
      "license": "MIT",
      "dependencies": {
        "body-parser": "^1.11.0",
        "ejs": "^2.2.4",
        "express": "~4.9.x",
        "path": "^0.11.14",
        "robots.txt": "^1.1.0",
        "sendgrid": "^2.0.0",
        "serve-favicon": "^2.2.0"
      },
      "engines": {
        "node": "6.11.1"
      }
    },
    "node_modules/body-parser": {
      "version": "1.11.0",
      "license": "MIT",
      "dependencies": {
        "bytes": "1.0.0",
        "depd": "~1.0.0",
        "iconv-lite": "0.4.6",
        "media-typer": "0.3.0",
        "on-finished": "~2.2.0",
        "qs": "2.3.3",
        "raw-body": "1.3.2",
        "type-is": "~1.5.6"
      },
      "engines": {
        "node": ">= 0.8"
      }
    },
    "node_modules/body-parser/node_modules/bytes": {
      "version": "1.0.0"
    },
    "node_modules/body-parser/node_modules/depd": {
      "version": "1.0.0",
      "license": "MIT",
      "engines": {
        "node": ">= 0.6"
      }
    },
    "node_modules/body-parser/node_modules/iconv-lite": {
      "version": "0.4.6",
      "license": "MIT",
      "engines": {
        "node": ">=0.8.0"
      }
    },
    "node_modules/body-parser/node_modules/media-typer": {
      "version": "0.3.0",
      "license": "MIT",
      "engines": {
        "node": ">= 0.6"
      }
    },
    "node_modules/body-parser/node_modules/on-finished": {
      "version": "2.2.0",
      "license": "MIT",
      "dependencies": {
        "ee-first": "1.1.0"
      },
      "engines": {
        "node": ">= 0.8"
      }
    },
    "node_modules/body-parser/node_modules/on-finished/node_modules/ee-first": {
      "version": "1.1.0",
      "license": "MIT"
    },
    "node_modules/body-parser/node_modules/qs": {
      "version": "2.3.3"
    },
    "node_modules/body-parser/node_modules/raw-body": {
      "version": "1.3.2",
      "license": "MIT",
      "dependencies": {
        "bytes": "1.0.0",
        "iconv-lite": "0.4.6"
      },
      "engines": {
        "node": ">= 0.8.0"
      }
    },
    "node_modules/body-parser/node_modules/type-is": {
      "version": "1.5.7",
      "license": "MIT",
      "dependencies": {
        "media-typer": "0.3.0",
        "mime-types": "~2.0.9"
      },
      "engines": {
        "node": ">= 0.6"
      }
    },
    "node_modules/body-parser/node_modules/type-is/node_modules/mime-types": {
      "version": "2.0.9",
      "license": "MIT",
      "dependencies": {
        "mime-db": "~1.7.0"
      },
      "engines": {
        "node": ">= 0.6"
      }
    },
    "node_modules/body-parser/node_modules/type-is/node_modules/mime-types/node_modules/mime-db": {
      "version": "1.7.0",
      "license": "MIT",
      "engines": {
        "node": ">= 0.6"
      }
    },
    "node_modules/ejs": {
      "version": "2.2.4",
      "license": "Apache-2.0",
      "engines": {
        "node": ">=0.10.0"
      }
    },
    "node_modules/express": {
      "version": "4.9.8",
      "license": "MIT",
      "dependencies": {
        "accepts": "~1.1.2",
        "cookie": "0.1.2",
        "cookie-signature": "1.0.5",
        "debug": "~2.0.0",
        "depd": "0.4.5",
        "escape-html": "1.0.1",
        "etag": "~1.4.0",
        "finalhandler": "0.2.0",
        "fresh": "0.2.4",
        "media-typer": "0.3.0",
        "merge-descriptors": "0.0.2",
        "methods": "1.1.0",
        "on-finished": "~2.1.0",
        "parseurl": "~1.3.0",
        "path-to-regexp": "0.1.3",
        "proxy-addr": "~1.0.3",
        "qs": "2.2.4",
        "range-parser": "~1.0.2",
        "send": "0.9.3",
        "serve-static": "~1.6.4",
        "type-is": "~1.5.2",
        "utils-merge": "1.0.0",
        "vary": "~1.0.0"
      },
      "engines": {
        "node": ">= 0.10.0"
      }
    },
    "node_modules/express/node_modules/accepts": {
      "version": "1.1.4",
      "license": "MIT",
      "dependencies": {
        "mime-types": "~2.0.4",
        "negotiator": "0.4.9"
      },
      "engines": {
        "node": ">= 0.8"
      }
    },
    "node_modules/express/node_modules/accepts/node_modules/mime-types": {
      "version": "2.0.9",
      "license": "MIT",
      "dependencies": {
        "mime-db": "~1.7.0"
      },
      "engines": {
        "node": ">= 0.6"
      }
    },
    "node_modules/express/node_modules/accepts/node_modules/mime-types/node_modules/mime-db": {
      "version": "1.7.0",
      "license": "MIT",
      "engines": {
        "node": ">= 0.6"
      }
    },
    "node_modules/express/node_modules/accepts/node_modules/negotiator": {
      "version": "0.4.9",
      "license": "MIT",
      "engines": {
        "node": ">= 0.6"
      }
    },
    "node_modules/express/node_modules/cookie": {
      "version": "0.1.2",
      "engines": {
        "node": "*"
      }
    },
    "node_modules/express/node_modules/cookie-signature": {
      "version": "1.0.5",
      "license": "MIT"
    },
    "node_modules/express/node_modules/debug": {
      "version": "2.0.0",
      "dependencies": {
        "ms": "0.6.2"
      }
    },
    "node_modules/express/node_modules/debug/node_modules/ms": {
      "version": "0.6.2"
    },
    "node_modules/express/node_modules/depd": {
      "version": "0.4.5",
      "license": "MIT",
      "engines": {
        "node": ">= 0.6"
      }
    },
    "node_modules/express/node_modules/escape-html": {
      "version": "1.0.1"
    },
    "node_modules/express/node_modules/etag": {
      "version": "1.4.0",
      "license": "MIT",
      "dependencies": {
        "crc": "3.0.0"
      },
      "engines": {
        "node": ">= 0.6"
      }
    },
    "node_modules/express/node_modules/etag/node_modules/crc": {
      "version": "3.0.0",
      "license": "MIT"
    },
    "node_modules/express/node_modules/finalhandler": {
      "version": "0.2.0",
      "license": "MIT",
      "dependencies": {
        "debug": "~2.0.0",
        "escape-html": "1.0.1"
      },
      "engines": {
        "node": ">= 0.8.0"
      }
    },
    "node_modules/express/node_modules/fresh": {
      "version": "0.2.4",
      "license": "MIT",
      "engines": {
        "node": ">= 0.6"
      }
    },
    "node_modules/express/node_modules/media-typer": {
      "version": "0.3.0",
      "license": "MIT",
      "engines": {
        "node": ">= 0.6"
      }
    },
    "node_modules/express/node_modules/merge-descriptors": {
      "version": "0.0.2",
      "license": "MIT"
    },
    "node_modules/express/node_modules/methods": {
      "version": "1.1.0",
      "license": "MIT"
    },
    "node_modules/express/node_modules/on-finished": {
      "version": "2.1.1",
      "license": "MIT",
      "dependencies": {
        "ee-first": "1.1.0"
      },
      "engines": {
        "node": ">= 0.8"
      }
    },
    "node_modules/express/node_modules/on-finished/node_modules/ee-first": {
      "version": "1.1.0",
      "license": "MIT"
    },
    "node_modules/express/node_modules/parseurl": {
      "version": "1.3.0",
      "license": "MIT"
    },
    "node_modules/express/node_modules/path-to-regexp": {
      "version": "0.1.3"
    },
    "node_modules/express/node_modules/proxy-addr": {
      "version": "1.0.6",
      "license": "MIT",
      "dependencies": {
        "forwarded": "~0.1.0",
        "ipaddr.js": "0.1.8"
      },
      "engines": {
        "node": ">= 0.6"
      }
    },
    "node_modules/express/node_modules/proxy-addr/node_modules/forwarded": {
      "version": "0.1.0",
      "license": "MIT",
      "engines": {
        "node": ">= 0.6"
      }
    },
    "node_modules/express/node_modules/proxy-addr/node_modules/ipaddr.js": {
      "version": "0.1.8",
      "license": "MIT",
      "engines": {
        "node": ">= 0.2.5"
      }
    },
    "node_modules/express/node_modules/qs": {
      "version": "2.2.4"
    },
    "node_modules/express/node_modules/range-parser": {
      "version": "1.0.2",
      "license": "MIT",
      "engines": {
        "node": ">= 0.6"
      }
    },
    "node_modules/express/node_modules/send": {
      "version": "0.9.3",
      "license": "MIT",
      "dependencies": {
        "debug": "~2.0.0",
        "depd": "0.4.5",
        "destroy": "1.0.3",
        "escape-html": "1.0.1",
        "etag": "~1.4.0",
        "fresh": "0.2.4",
        "mime": "1.2.11",
        "ms": "0.6.2",
        "on-finished": "2.1.0",
        "range-parser": "~1.0.2"
      },
      "engines": {
        "node": ">= 0.8.0"
      }
    },
    "node_modules/express/node_modules/send/node_modules/destroy": {
      "version": "1.0.3",
      "license": "MIT"
    },
    "node_modules/express/node_modules/send/node_modules/mime": {
      "version": "1.2.11"
    },
    "node_modules/express/node_modules/send/node_modules/ms": {
      "version": "0.6.2"
    },
    "node_modules/express/node_modules/send/node_modules/on-finished": {
      "version": "2.1.0",
      "license": "MIT",
      "dependencies": {
        "ee-first": "1.0.5"
      }
    },
    "node_modules/express/node_modules/send/node_modules/on-finished/node_modules/ee-first": {
      "version": "1.0.5",
      "license": "MIT"
    },
    "node_modules/express/node_modules/serve-static": {
      "version": "1.6.5",
      "license": "MIT",
      "dependencies": {
        "escape-html": "1.0.1",
        "parseurl": "~1.3.0",
        "send": "0.9.3",
        "utils-merge": "1.0.0"
      },
      "engines": {
        "node": ">= 0.8.0"
      }
    },
    "node_modules/express/node_modules/type-is": {
      "version": "1.5.7",
      "license": "MIT",
      "dependencies": {
        "media-typer": "0.3.0",
        "mime-types": "~2.0.9"
      },
      "engines": {
        "node": ">= 0.6"
      }
    },
    "node_modules/express/node_modules/type-is/node_modules/mime-types": {
      "version": "2.0.9",
      "license": "MIT",
      "dependencies": {
        "mime-db": "~1.7.0"
      },
      "engines": {
        "node": ">= 0.6"
      }
    },
    "node_modules/express/node_modules/type-is/node_modules/mime-types/node_modules/mime-db": {
      "version": "1.7.0",
      "license": "MIT",
      "engines": {
        "node": ">= 0.6"
      }
    },
    "node_modules/express/node_modules/utils-merge": {
      "version": "1.0.0",
      "engines": {
        "node": ">= 0.4.0"
      }
    },
    "node_modules/express/node_modules/vary": {
      "version": "1.0.0",
      "license": "MIT",
      "engines": {
        "node": ">= 0.8.0"
      }
    },
    "node_modules/path": {
      "version": "0.11.14",
      "license": "MIT"
    },
    "node_modules/robots.txt": {
      "version": "1.1.0",
      "license": "New BSD"
    },
    "node_modules/sendgrid": {
      "version": "2.0.0",
      "license": "MIT",
      "dependencies": {
        "lodash": "^3.0.1 || ^2.0.0",
        "mime": "^1.2.9",
        "request": "^2.60.0",
        "smtpapi": "^1.2.0"
      },
      "engines": {
        "node": ">= 0.4.7"
      }
    },
    "node_modules/sendgrid/node_modules/lodash": {
      "version": "3.10.1",
      "license": "MIT"
    },
    "node_modules/sendgrid/node_modules/mime": {
      "version": "1.3.4",
      "bin": {
        "mime": "cli.js"
      }
    },
    "node_modules/sendgrid/node_modules/request": {
      "version": "2.69.0",
      "license": "Apache-2.0",
      "dependencies": {
        "aws-sign2": "~0.6.0",
        "aws4": "^1.2.1",
        "bl": "~1.0.0",
        "caseless": "~0.11.0",
        "combined-stream": "~1.0.5",
        "extend": "~3.0.0",
        "forever-agent": "~0.6.1",
        "form-data": "~1.0.0-rc3",
        "har-validator": "~2.0.6",
        "hawk": "~3.1.0",
        "http-signature": "~1.1.0",
        "is-typedarray": "~1.0.0",
        "isstream": "~0.1.2",
        "json-stringify-safe": "~5.0.1",
        "mime-types": "~2.1.7",
        "node-uuid": "~1.4.7",
        "oauth-sign": "~0.8.0",
        "qs": "~6.0.2",
        "stringstream": "~0.0.4",
        "tough-cookie": "~2.2.0",
        "tunnel-agent": "~0.4.1"
      },
      "engines": {
        "node": ">=0.8.0"
      }
    },
    "node_modules/sendgrid/node_modules/request/node_modules/aws-sign2": {
      "version": "0.6.0",
      "license": "Apache-2.0",
      "engines": {
        "node": "*"
      }
    },
    "node_modules/sendgrid/node_modules/request/node_modules/aws4": {
      "version": "1.3.2",
      "license": "MIT",
      "dependencies": {
        "lru-cache": "^4.0.0"
      }
    },
    "node_modules/sendgrid/node_modules/request/node_modules/aws4/node_modules/lru-cache": {
      "version": "4.0.1",
      "license": "ISC",
      "dependencies": {
        "pseudomap": "^1.0.1",
        "yallist": "^2.0.0"
      }
    },
    "node_modules/sendgrid/node_modules/request/node_modules/aws4/node_modules/lru-cache/node_modules/pseudomap": {
      "version": "1.0.2",
      "license": "ISC"
    },
    "node_modules/sendgrid/node_modules/request/node_modules/aws4/node_modules/lru-cache/node_modules/yallist": {
      "version": "2.0.0",
      "license": "ISC"
    },
    "node_modules/sendgrid/node_modules/request/node_modules/bl": {
      "version": "1.0.3",
      "license": "MIT",
      "dependencies": {
        "readable-stream": "~2.0.5"
      }
    },
    "node_modules/sendgrid/node_modules/request/node_modules/bl/node_modules/readable-stream": {
      "version": "2.0.6",
      "license": "MIT",
      "dependencies": {
        "core-util-is": "~1.0.0",
        "inherits": "~2.0.1",
        "isarray": "~1.0.0",
        "process-nextick-args": "~1.0.6",
        "string_decoder": "~0.10.x",
        "util-deprecate": "~1.0.1"
      }
    },
    "node_modules/sendgrid/node_modules/request/node_modules/bl/node_modules/readable-stream/node_modules/core-util-is": {
      "version": "1.0.2",
      "license": "MIT"
    },
    "node_modules/sendgrid/node_modules/request/node_modules/bl/node_modules/readable-stream/node_modules/inherits": {
      "version": "2.0.1",
      "license": "ISC"
    },
    "node_modules/sendgrid/node_modules/request/node_modules/bl/node_modules/readable-stream/node_modules/isarray": {
      "version": "1.0.0",
      "license": "MIT"
    },
    "node_modules/sendgrid/node_modules/request/node_modules/bl/node_modules/readable-stream/node_modules/process-nextick-args": {
      "version": "1.0.6",
      "license": "MIT"
    },
    "node_modules/sendgrid/node_modules/request/node_modules/bl/node_modules/readable-stream/node_modules/string_decoder": {
      "version": "0.10.31",
      "license": "MIT"
    },
    "node_modules/sendgrid/node_modules/request/node_modules/bl/node_modules/readable-stream/node_modules/util-deprecate": {
      "version": "1.0.2",
      "license": "MIT"
    },
    "node_modules/sendgrid/node_modules/request/node_modules/caseless": {
      "version": "0.11.0",
      "license": "Apache-2.0"
    },
    "node_modules/sendgrid/node_modules/request/node_modules/combined-stream": {
      "version": "1.0.5",
      "license": "MIT",
      "dependencies": {
        "delayed-stream": "~1.0.0"
      },
      "engines": {
        "node": ">= 0.8"
      }
    },
    "node_modules/sendgrid/node_modules/request/node_modules/combined-stream/node_modules/delayed-stream": {
      "version": "1.0.0",
      "license": "MIT",
      "engines": {
        "node": ">=0.4.0"
      }
    },
    "node_modules/sendgrid/node_modules/request/node_modules/extend": {
      "version": "3.0.0",
      "license": "MIT"
    },
    "node_modules/sendgrid/node_modules/request/node_modules/forever-agent": {
      "version": "0.6.1",
      "license": "Apache-2.0",
      "engines": {
        "node": "*"
      }
    },
    "node_modules/sendgrid/node_modules/request/node_modules/form-data": {
      "version": "1.0.0-rc4",
      "license": "MIT",
      "dependencies": {
        "async": "^1.5.2",
        "combined-stream": "^1.0.5",
        "mime-types": "^2.1.10"
      },
      "engines": {
        "node": ">= 0.10"
      }
    },
    "node_modules/sendgrid/node_modules/request/node_modules/form-data/node_modules/async": {
      "version": "1.5.2",
      "license": "MIT"
    },
    "node_modules/sendgrid/node_modules/request/node_modules/har-validator": {
      "version": "2.0.6",
      "license": "ISC",
      "dependencies": {
        "chalk": "^1.1.1",
        "commander": "^2.9.0",
        "is-my-json-valid": "^2.12.4",
        "pinkie-promise": "^2.0.0"
      },
      "bin": {
        "har-validator": "bin/har-validator"
      },
      "engines": {
        "node": ">=0.10"
      }
    },
    "node_modules/sendgrid/node_modules/request/node_modules/har-validator/node_modules/chalk": {
      "version": "1.1.1",
      "license": "MIT",
      "dependencies": {
        "ansi-styles": "^2.1.0",
        "escape-string-regexp": "^1.0.2",
        "has-ansi": "^2.0.0",
        "strip-ansi": "^3.0.0",
        "supports-color": "^2.0.0"
      },
      "engines": {
        "node": ">=0.10.0"
      }
    },
    "node_modules/sendgrid/node_modules/request/node_modules/har-validator/node_modules/chalk/node_modules/ansi-styles": {
      "version": "2.2.0",
      "license": "MIT",
      "dependencies": {
        "color-convert": "^1.0.0"
      },
      "engines": {
        "node": ">=0.10.0"
      }
    },
    "node_modules/sendgrid/node_modules/request/node_modules/har-validator/node_modules/chalk/node_modules/ansi-styles/node_modules/color-convert": {
      "version": "1.0.0",
      "license": "MIT"
    },
    "node_modules/sendgrid/node_modules/request/node_modules/har-validator/node_modules/chalk/node_modules/escape-string-regexp": {
      "version": "1.0.5",
      "license": "MIT",
      "engines": {
        "node": ">=0.8.0"
      }
    },
    "node_modules/sendgrid/node_modules/request/node_modules/har-validator/node_modules/chalk/node_modules/has-ansi": {
      "version": "2.0.0",
      "license": "MIT",
      "dependencies": {
        "ansi-regex": "^2.0.0"
      },
      "engines": {
        "node": ">=0.10.0"
      }
    },
    "node_modules/sendgrid/node_modules/request/node_modules/har-validator/node_modules/chalk/node_modules/has-ansi/node_modules/ansi-regex": {
      "version": "2.0.0",
      "license": "MIT",
      "engines": {
        "node": ">=0.10.0"
      }
    },
    "node_modules/sendgrid/node_modules/request/node_modules/har-validator/node_modules/chalk/node_modules/strip-ansi": {
      "version": "3.0.1",
      "license": "MIT",
      "dependencies": {
        "ansi-regex": "^2.0.0"
      },
      "engines": {
        "node": ">=0.10.0"
      }
    },
    "node_modules/sendgrid/node_modules/request/node_modules/har-validator/node_modules/chalk/node_modules/strip-ansi/node_modules/ansi-regex": {
      "version": "2.0.0",
      "license": "MIT",
      "engines": {
        "node": ">=0.10.0"
      }
    },
    "node_modules/sendgrid/node_modules/request/node_modules/har-validator/node_modules/chalk/node_modules/supports-color": {
      "version": "2.0.0",
      "license": "MIT",
      "engines": {
        "node": ">=0.8.0"
      }
    },
    "node_modules/sendgrid/node_modules/request/node_modules/har-validator/node_modules/commander": {
      "version": "2.9.0",
      "license": "MIT",
      "dependencies": {
        "graceful-readlink": ">= 1.0.0"
      },
      "engines": {
        "node": ">= 0.6.x"
      }
    },
    "node_modules/sendgrid/node_modules/request/node_modules/har-validator/node_modules/commander/node_modules/graceful-readlink": {
      "version": "1.0.1",
      "license": "MIT"
    },
    "node_modules/sendgrid/node_modules/request/node_modules/har-validator/node_modules/is-my-json-valid": {
      "version": "2.13.1",
      "license": "MIT",
      "dependencies": {
        "generate-function": "^2.0.0",
        "generate-object-property": "^1.1.0",
        "jsonpointer": "2.0.0",
        "xtend": "^4.0.0"
      }
    },
    "node_modules/sendgrid/node_modules/request/node_modules/har-validator/node_modules/is-my-json-valid/node_modules/generate-function": {
      "version": "2.0.0",
      "license": "MIT"
    },
    "node_modules/sendgrid/node_modules/request/node_modules/har-validator/node_modules/is-my-json-valid/node_modules/generate-object-property": {
      "version": "1.2.0",
      "license": "MIT",
      "dependencies": {
        "is-property": "^1.0.0"
      }
    },
    "node_modules/sendgrid/node_modules/request/node_modules/har-validator/node_modules/is-my-json-valid/node_modules/generate-object-property/node_modules/is-property": {
      "version": "1.0.2",
      "license": "MIT"
    },
    "node_modules/sendgrid/node_modules/request/node_modules/har-validator/node_modules/is-my-json-valid/node_modules/jsonpointer": {
      "version": "2.0.0",
      "license": "MIT",
      "engines": {
        "node": ">=0.6.0"
      }
    },
    "node_modules/sendgrid/node_modules/request/node_modules/har-validator/node_modules/is-my-json-valid/node_modules/xtend": {
      "version": "4.0.1",
      "license": "MIT",
      "engines": {
        "node": ">=0.4"
      }
    },
    "node_modules/sendgrid/node_modules/request/node_modules/har-validator/node_modules/pinkie-promise": {
      "version": "2.0.0",
      "license": "MIT",
      "dependencies": {
        "pinkie": "^2.0.0"
      },
      "engines": {
        "node": ">=0.10.0"
      }
    },
    "node_modules/sendgrid/node_modules/request/node_modules/har-validator/node_modules/pinkie-promise/node_modules/pinkie": {
      "version": "2.0.4",
      "license": "MIT",
      "engines": {
        "node": ">=0.10.0"
      }
    },
    "node_modules/sendgrid/node_modules/request/node_modules/hawk": {
      "version": "3.1.3",
      "license": "BSD-3-Clause",
      "dependencies": {
        "boom": "2.x.x",
        "cryptiles": "2.x.x",
        "hoek": "2.x.x",
        "sntp": "1.x.x"
      },
      "engines": {
        "node": ">=0.10.32"
      }
    },
    "node_modules/sendgrid/node_modules/request/node_modules/hawk/node_modules/boom": {
      "version": "2.10.1",
      "license": "BSD-3-Clause",
      "dependencies": {
        "hoek": "2.x.x"
      },
      "engines": {
        "node": ">=0.10.40"
      }
    },
    "node_modules/sendgrid/node_modules/request/node_modules/hawk/node_modules/cryptiles": {
      "version": "2.0.5",
      "license": "BSD-3-Clause",
      "dependencies": {
        "boom": "2.x.x"
      },
      "engines": {
        "node": ">=0.10.40"
      }
    },
    "node_modules/sendgrid/node_modules/request/node_modules/hawk/node_modules/hoek": {
      "version": "2.16.3",
      "license": "BSD-3-Clause",
      "engines": {
        "node": ">=0.10.40"
      }
    },
    "node_modules/sendgrid/node_modules/request/node_modules/hawk/node_modules/sntp": {
      "version": "1.0.9",
      "dependencies": {
        "hoek": "2.x.x"
      },
      "engines": {
        "node": ">=0.8.0"
      }
    },
    "node_modules/sendgrid/node_modules/request/node_modules/http-signature": {
      "version": "1.1.1",
      "license": "MIT",
      "dependencies": {
        "assert-plus": "^0.2.0",
        "jsprim": "^1.2.2",
        "sshpk": "^1.7.0"
      },
      "engines": {
        "node": ">=0.8",
        "npm": ">=1.3.7"
      }
    },
    "node_modules/sendgrid/node_modules/request/node_modules/http-signature/node_modules/assert-plus": {
      "version": "0.2.0",
      "license": "MIT",
      "engines": {
        "node": ">=0.8"
      }
    },
    "node_modules/sendgrid/node_modules/request/node_modules/http-signature/node_modules/jsprim": {
      "version": "1.2.2",
      "engines": [
        "node >=0.6.0"
      ],
      "license": "MIT",
      "dependencies": {
        "extsprintf": "1.0.2",
        "json-schema": "0.2.2",
        "verror": "1.3.6"
      }
    },
    "node_modules/sendgrid/node_modules/request/node_modules/http-signature/node_modules/jsprim/node_modules/extsprintf": {
      "version": "1.0.2",
      "engines": [
        "node >=0.6.0"
      ]
    },
    "node_modules/sendgrid/node_modules/request/node_modules/http-signature/node_modules/jsprim/node_modules/json-schema": {
      "version": "0.2.2"
    },
    "node_modules/sendgrid/node_modules/request/node_modules/http-signature/node_modules/jsprim/node_modules/verror": {
      "version": "1.3.6",
      "engines": [
        "node >=0.6.0"
      ],
      "dependencies": {
        "extsprintf": "1.0.2"
      }
    },
    "node_modules/sendgrid/node_modules/request/node_modules/http-signature/node_modules/sshpk": {
      "version": "1.7.4",
      "license": "MIT",
      "dependencies": {
        "asn1": ">=0.2.3 <0.3.0",
        "assert-plus": ">=0.2.0 <0.3.0",
        "dashdash": ">=1.10.1 <2.0.0"
      },
      "bin": {
        "sshpk-conv": "bin/sshpk-conv",
        "sshpk-sign": "bin/sshpk-sign",
        "sshpk-verify": "bin/sshpk-verify"
      },
      "engines": {
        "node": ">=0.8.0"
      },
      "optionalDependencies": {
        "ecc-jsbn": ">=0.0.1 <1.0.0",
        "jodid25519": ">=1.0.0 <2.0.0",
        "jsbn": ">=0.1.0 <0.2.0",
        "tweetnacl": ">=0.13.0 <1.0.0"
      }
    },
    "node_modules/sendgrid/node_modules/request/node_modules/http-signature/node_modules/sshpk/node_modules/asn1": {
      "version": "0.2.3",
      "license": "MIT"
    },
    "node_modules/sendgrid/node_modules/request/node_modules/http-signature/node_modules/sshpk/node_modules/dashdash": {
      "version": "1.13.0",
      "license": "MIT",
      "dependencies": {
        "assert-plus": "^1.0.0"
      },
      "engines": {
        "node": ">=0.10"
      }
    },
    "node_modules/sendgrid/node_modules/request/node_modules/http-signature/node_modules/sshpk/node_modules/dashdash/node_modules/assert-plus": {
      "version": "1.0.0",
      "license": "MIT",
      "engines": {
        "node": ">=0.8"
      }
    },
    "node_modules/sendgrid/node_modules/request/node_modules/http-signature/node_modules/sshpk/node_modules/ecc-jsbn": {
      "version": "0.1.1",
      "license": "MIT",
      "optional": true,
      "dependencies": {
        "jsbn": "~0.1.0"
      }
    },
    "node_modules/sendgrid/node_modules/request/node_modules/http-signature/node_modules/sshpk/node_modules/jodid25519": {
      "version": "1.0.2",
      "license": "MIT",
      "optional": true,
      "dependencies": {
        "jsbn": "~0.1.0"
      }
    },
    "node_modules/sendgrid/node_modules/request/node_modules/http-signature/node_modules/sshpk/node_modules/jsbn": {
      "version": "0.1.0",
      "license": "BSD",
      "optional": true
    },
    "node_modules/sendgrid/node_modules/request/node_modules/http-signature/node_modules/sshpk/node_modules/tweetnacl": {
      "version": "0.14.1",
      "license": "SEE LICENSE IN COPYING.txt",
      "optional": true
    },
    "node_modules/sendgrid/node_modules/request/node_modules/is-typedarray": {
      "version": "1.0.0",
      "license": "MIT"
    },
    "node_modules/sendgrid/node_modules/request/node_modules/isstream": {
      "version": "0.1.2",
      "license": "MIT"
    },
    "node_modules/sendgrid/node_modules/request/node_modules/json-stringify-safe": {
      "version": "5.0.1",
      "license": "ISC"
    },
    "node_modules/sendgrid/node_modules/request/node_modules/mime-types": {
      "version": "2.1.10",
      "license": "MIT",
      "dependencies": {
        "mime-db": "~1.22.0"
      },
      "engines": {
        "node": ">= 0.6"
      }
    },
    "node_modules/sendgrid/node_modules/request/node_modules/mime-types/node_modules/mime-db": {
      "version": "1.22.0",
      "license": "MIT",
      "engines": {
        "node": ">= 0.6"
      }
    },
    "node_modules/sendgrid/node_modules/request/node_modules/node-uuid": {
      "version": "1.4.7",
      "bin": {
        "uuid": "bin/uuid"
      }
    },
    "node_modules/sendgrid/node_modules/request/node_modules/oauth-sign": {
      "version": "0.8.1",
      "license": "Apache-2.0",
      "engines": {
        "node": "*"
      }
    },
    "node_modules/sendgrid/node_modules/request/node_modules/qs": {
      "version": "6.0.2",
      "license": "BSD-3-Clause",
      "engines": {
        "node": ">=0.6"
      }
    },
    "node_modules/sendgrid/node_modules/request/node_modules/stringstream": {
      "version": "0.0.5",
      "license": "MIT"
    },
    "node_modules/sendgrid/node_modules/request/node_modules/tough-cookie": {
      "version": "2.2.2",
      "license": "BSD-3-Clause",
      "engines": {
        "node": ">=0.10.0"
      }
    },
    "node_modules/sendgrid/node_modules/request/node_modules/tunnel-agent": {
      "version": "0.4.2",
      "license": "Apache-2.0",
      "engines": {
        "node": "*"
      }
    },
    "node_modules/sendgrid/node_modules/smtpapi": {
      "version": "1.2.0",
      "license": "BSD"
    },
    "node_modules/serve-favicon": {
      "version": "2.2.0",
      "license": "MIT",
      "dependencies": {
        "etag": "~1.5.1",
        "fresh": "0.2.4",
        "ms": "0.7.0",
        "parseurl": "~1.3.0"
      },
      "engines": {
        "node": ">= 0.8.0"
      }
    },
    "node_modules/serve-favicon/node_modules/etag": {
      "version": "1.5.1",
      "license": "MIT",
      "dependencies": {
        "crc": "3.2.1"
      },
      "engines": {
        "node": ">= 0.6"
      }
    },
    "node_modules/serve-favicon/node_modules/etag/node_modules/crc": {
      "version": "3.2.1",
      "license": "MIT"
    },
    "node_modules/serve-favicon/node_modules/fresh": {
      "version": "0.2.4",
      "license": "MIT",
      "engines": {
        "node": ">= 0.6"
      }
    },
    "node_modules/serve-favicon/node_modules/ms": {
      "version": "0.7.0"
    },
    "node_modules/serve-favicon/node_modules/parseurl": {
      "version": "1.3.0",
      "license": "MIT"
    }
  }
}
